{
  "name": "client",
  "version": "1.0.0",
  "lockfileVersion": 1,
  "requires": true,
  "dependencies": {
    "google-protobuf": {
      "version": "3.21.2",
      "resolved": "https://registry.npmjs.org/google-protobuf/-/google-protobuf-3.21.2.tgz",
      "integrity": "sha512-3MSOYFO5U9mPGikIYCzK0SaThypfGgS6bHqrUGXG3DPHCrb+txNqeEcns1W0lkGfk0rCyNXm7xB9rMxnCiZOoA=="
    },
    "ws": {
      "version": "7.5.9",
      "resolved": "https://registry.npmjs.org/ws/-/ws-7.5.9.tgz",
      "integrity": "sha512-F+P9Jil7UiSKSkppIiD94dN07AwvFixvLIj1Og1Rl9GGMuNipJnV9JzjD6XuqmAeiswGvUmNLjr5cFuXwNS77Q=="
    }
  }
}
